// !$*UTF8*$!
{
	archiveVersion = 1;
	classes = {
	};
	objectVersion = 46;
	objects = {

/* Begin PBXBuildFile section */
		46BD98AF1EF03E30007E49C3 /* AppDelegate.swift in Sources */ = {isa = PBXBuildFile; fileRef = 46BD98AE1EF03E30007E49C3 /* AppDelegate.swift */; };
		46BD98B11EF03E30007E49C3 /* ViewController.swift in Sources */ = {isa = PBXBuildFile; fileRef = 46BD98B01EF03E30007E49C3 /* ViewController.swift */; };
		46BD98B41EF03E30007E49C3 /* Main.storyboard in Resources */ = {isa = PBXBuildFile; fileRef = 46BD98B21EF03E30007E49C3 /* Main.storyboard */; };
		46BD98B61EF03E30007E49C3 /* Assets.xcassets in Resources */ = {isa = PBXBuildFile; fileRef = 46BD98B51EF03E30007E49C3 /* Assets.xcassets */; };
		46BD98B91EF03E30007E49C3 /* LaunchScreen.storyboard in Resources */ = {isa = PBXBuildFile; fileRef = 46BD98B71EF03E30007E49C3 /* LaunchScreen.storyboard */; };
		46BD98C41EF03E30007E49C3 /* IOSStarterTests.swift in Sources */ = {isa = PBXBuildFile; fileRef = 46BD98C31EF03E30007E49C3 /* IOSStarterTests.swift */; };
		46BD98CF1EF03E30007E49C3 /* IOSStarterUITests.swift in Sources */ = {isa = PBXBuildFile; fileRef = 46BD98CE1EF03E30007E49C3 /* IOSStarterUITests.swift */; };
		46BD98DE1EF05937007E49C3 /* Quick.framework in Frameworks */ = {isa = PBXBuildFile; fileRef = 46BD98DD1EF05937007E49C3 /* Quick.framework */; };
		46BD98E01EF05939007E49C3 /* Nimble.framework in Frameworks */ = {isa = PBXBuildFile; fileRef = 46BD98DF1EF05939007E49C3 /* Nimble.framework */; };
		46BD98E41EF06A42007E49C3 /* Alamofire.framework in CopyFiles */ = {isa = PBXBuildFile; fileRef = 46BD98E11EF0593A007E49C3 /* Alamofire.framework */; settings = {ATTRIBUTES = (CodeSignOnCopy, RemoveHeadersOnCopy, ); }; };
		46BD98E71EF06A86007E49C3 /* Alamofire.framework in Frameworks */ = {isa = PBXBuildFile; fileRef = 46BD98E11EF0593A007E49C3 /* Alamofire.framework */; };
		46BD98E91EF06F36007E49C3 /* Nimble.framework in CopyFiles */ = {isa = PBXBuildFile; fileRef = 46BD98DF1EF05939007E49C3 /* Nimble.framework */; settings = {ATTRIBUTES = (CodeSignOnCopy, RemoveHeadersOnCopy, ); }; };
		46BD98EA1EF06F36007E49C3 /* Quick.framework in CopyFiles */ = {isa = PBXBuildFile; fileRef = 46BD98DD1EF05937007E49C3 /* Quick.framework */; settings = {ATTRIBUTES = (CodeSignOnCopy, RemoveHeadersOnCopy, ); }; };
		46DCE0831EF072D300CE78E7 /* YourSpec.swift in Sources */ = {isa = PBXBuildFile; fileRef = 46DCE0821EF072D300CE78E7 /* YourSpec.swift */; };
		46DEDE391EF2C51E0068B947 /* YourThing.swift in Sources */ = {isa = PBXBuildFile; fileRef = 46DEDE381EF2C51E0068B947 /* YourThing.swift */; };
/* End PBXBuildFile section */

/* Begin PBXContainerItemProxy section */
		46BD98C01EF03E30007E49C3 /* PBXContainerItemProxy */ = {
			isa = PBXContainerItemProxy;
			containerPortal = 46BD98A31EF03E30007E49C3 /* Project object */;
			proxyType = 1;
			remoteGlobalIDString = 46BD98AA1EF03E30007E49C3;
			remoteInfo = IOSStarter;
		};
		46BD98CB1EF03E30007E49C3 /* PBXContainerItemProxy */ = {
			isa = PBXContainerItemProxy;
			containerPortal = 46BD98A31EF03E30007E49C3 /* Project object */;
			proxyType = 1;
			remoteGlobalIDString = 46BD98AA1EF03E30007E49C3;
			remoteInfo = IOSStarter;
		};
/* End PBXContainerItemProxy section */

/* Begin PBXCopyFilesBuildPhase section */
		46BD98E31EF06A2C007E49C3 /* CopyFiles */ = {
			isa = PBXCopyFilesBuildPhase;
			buildActionMask = 2147483647;
			dstPath = "";
			dstSubfolderSpec = 10;
			files = (
				46BD98E41EF06A42007E49C3 /* Alamofire.framework in CopyFiles */,
			);
			runOnlyForDeploymentPostprocessing = 0;
		};
		46BD98E81EF06F29007E49C3 /* CopyFiles */ = {
			isa = PBXCopyFilesBuildPhase;
			buildActionMask = 2147483647;
			dstPath = "";
			dstSubfolderSpec = 10;
			files = (
				46BD98E91EF06F36007E49C3 /* Nimble.framework in CopyFiles */,
				46BD98EA1EF06F36007E49C3 /* Quick.framework in CopyFiles */,
			);
			runOnlyForDeploymentPostprocessing = 0;
		};
/* End PBXCopyFilesBuildPhase section */

/* Begin PBXFileReference section */
		46BD98AB1EF03E30007E49C3 /* IOSStarter.app */ = {isa = PBXFileReference; explicitFileType = wrapper.application; includeInIndex = 0; path = IOSStarter.app; sourceTree = BUILT_PRODUCTS_DIR; };
		46BD98AE1EF03E30007E49C3 /* AppDelegate.swift */ = {isa = PBXFileReference; lastKnownFileType = sourcecode.swift; path = AppDelegate.swift; sourceTree = "<group>"; };
		46BD98B01EF03E30007E49C3 /* ViewController.swift */ = {isa = PBXFileReference; lastKnownFileType = sourcecode.swift; path = ViewController.swift; sourceTree = "<group>"; };
		46BD98B31EF03E30007E49C3 /* Base */ = {isa = PBXFileReference; lastKnownFileType = file.storyboard; name = Base; path = Base.lproj/Main.storyboard; sourceTree = "<group>"; };
		46BD98B51EF03E30007E49C3 /* Assets.xcassets */ = {isa = PBXFileReference; lastKnownFileType = folder.assetcatalog; path = Assets.xcassets; sourceTree = "<group>"; };
		46BD98B81EF03E30007E49C3 /* Base */ = {isa = PBXFileReference; lastKnownFileType = file.storyboard; name = Base; path = Base.lproj/LaunchScreen.storyboard; sourceTree = "<group>"; };
		46BD98BA1EF03E30007E49C3 /* Info.plist */ = {isa = PBXFileReference; lastKnownFileType = text.plist.xml; path = Info.plist; sourceTree = "<group>"; };
		46BD98BF1EF03E30007E49C3 /* IOSStarterTests.xctest */ = {isa = PBXFileReference; explicitFileType = wrapper.cfbundle; includeInIndex = 0; path = IOSStarterTests.xctest; sourceTree = BUILT_PRODUCTS_DIR; };
		46BD98C31EF03E30007E49C3 /* IOSStarterTests.swift */ = {isa = PBXFileReference; lastKnownFileType = sourcecode.swift; path = IOSStarterTests.swift; sourceTree = "<group>"; };
		46BD98C51EF03E30007E49C3 /* Info.plist */ = {isa = PBXFileReference; lastKnownFileType = text.plist.xml; path = Info.plist; sourceTree = "<group>"; };
		46BD98CA1EF03E30007E49C3 /* IOSStarterUITests.xctest */ = {isa = PBXFileReference; explicitFileType = wrapper.cfbundle; includeInIndex = 0; path = IOSStarterUITests.xctest; sourceTree = BUILT_PRODUCTS_DIR; };
		46BD98CE1EF03E30007E49C3 /* IOSStarterUITests.swift */ = {isa = PBXFileReference; lastKnownFileType = sourcecode.swift; path = IOSStarterUITests.swift; sourceTree = "<group>"; };
		46BD98D01EF03E30007E49C3 /* Info.plist */ = {isa = PBXFileReference; lastKnownFileType = text.plist.xml; path = Info.plist; sourceTree = "<group>"; };
		46BD98DD1EF05937007E49C3 /* Quick.framework */ = {isa = PBXFileReference; lastKnownFileType = wrapper.framework; name = Quick.framework; path = Carthage/Build/iOS/Quick.framework; sourceTree = "<group>"; };
		46BD98DF1EF05939007E49C3 /* Nimble.framework */ = {isa = PBXFileReference; lastKnownFileType = wrapper.framework; name = Nimble.framework; path = Carthage/Build/iOS/Nimble.framework; sourceTree = "<group>"; };
		46BD98E11EF0593A007E49C3 /* Alamofire.framework */ = {isa = PBXFileReference; lastKnownFileType = wrapper.framework; name = Alamofire.framework; path = Carthage/Build/iOS/Alamofire.framework; sourceTree = "<group>"; };
		46DCE0821EF072D300CE78E7 /* YourSpec.swift */ = {isa = PBXFileReference; fileEncoding = 4; lastKnownFileType = sourcecode.swift; path = YourSpec.swift; sourceTree = "<group>"; };
		46DEDE381EF2C51E0068B947 /* YourThing.swift */ = {isa = PBXFileReference; fileEncoding = 4; lastKnownFileType = sourcecode.swift; path = YourThing.swift; sourceTree = "<group>"; };
/* End PBXFileReference section */

/* Begin PBXFrameworksBuildPhase section */
		46BD98A81EF03E30007E49C3 /* Frameworks */ = {
			isa = PBXFrameworksBuildPhase;
			buildActionMask = 2147483647;
			files = (
				46BD98E71EF06A86007E49C3 /* Alamofire.framework in Frameworks */,
			);
			runOnlyForDeploymentPostprocessing = 0;
		};
		46BD98BC1EF03E30007E49C3 /* Frameworks */ = {
			isa = PBXFrameworksBuildPhase;
			buildActionMask = 2147483647;
			files = (
				46BD98DE1EF05937007E49C3 /* Quick.framework in Frameworks */,
				46BD98E01EF05939007E49C3 /* Nimble.framework in Frameworks */,
			);
			runOnlyForDeploymentPostprocessing = 0;
		};
		46BD98C71EF03E30007E49C3 /* Frameworks */ = {
			isa = PBXFrameworksBuildPhase;
			buildActionMask = 2147483647;
			files = (
			);
			runOnlyForDeploymentPostprocessing = 0;
		};
/* End PBXFrameworksBuildPhase section */

/* Begin PBXGroup section */
		46BD98A21EF03E30007E49C3 = {
			isa = PBXGroup;
			children = (
				46BD98AD1EF03E30007E49C3 /* IOSStarter */,
				46BD98C21EF03E30007E49C3 /* IOSStarterTests */,
				46BD98CD1EF03E30007E49C3 /* IOSStarterUITests */,
				46BD98AC1EF03E30007E49C3 /* Products */,
				46BD98DC1EF05937007E49C3 /* Frameworks */,
			);
			sourceTree = "<group>";
		};
		46BD98AC1EF03E30007E49C3 /* Products */ = {
			isa = PBXGroup;
			children = (
				46BD98AB1EF03E30007E49C3 /* IOSStarter.app */,
				46BD98BF1EF03E30007E49C3 /* IOSStarterTests.xctest */,
				46BD98CA1EF03E30007E49C3 /* IOSStarterUITests.xctest */,
			);
			name = Products;
			sourceTree = "<group>";
		};
		46BD98AD1EF03E30007E49C3 /* IOSStarter */ = {
			isa = PBXGroup;
			children = (
				46BD98AE1EF03E30007E49C3 /* AppDelegate.swift */,
				46BD98B01EF03E30007E49C3 /* ViewController.swift */,
				46BD98B21EF03E30007E49C3 /* Main.storyboard */,
				46BD98B51EF03E30007E49C3 /* Assets.xcassets */,
				46BD98B71EF03E30007E49C3 /* LaunchScreen.storyboard */,
				46BD98BA1EF03E30007E49C3 /* Info.plist */,
				46DEDE381EF2C51E0068B947 /* YourThing.swift */,
			);
			path = IOSStarter;
			sourceTree = "<group>";
		};
		46BD98C21EF03E30007E49C3 /* IOSStarterTests */ = {
			isa = PBXGroup;
			children = (
				46BD98C31EF03E30007E49C3 /* IOSStarterTests.swift */,
				46BD98C51EF03E30007E49C3 /* Info.plist */,
				46DCE0821EF072D300CE78E7 /* YourSpec.swift */,
			);
			path = IOSStarterTests;
			sourceTree = "<group>";
		};
		46BD98CD1EF03E30007E49C3 /* IOSStarterUITests */ = {
			isa = PBXGroup;
			children = (
				46BD98CE1EF03E30007E49C3 /* IOSStarterUITests.swift */,
				46BD98D01EF03E30007E49C3 /* Info.plist */,
			);
			path = IOSStarterUITests;
			sourceTree = "<group>";
		};
		46BD98DC1EF05937007E49C3 /* Frameworks */ = {
			isa = PBXGroup;
			children = (
				46BD98E11EF0593A007E49C3 /* Alamofire.framework */,
				46BD98DF1EF05939007E49C3 /* Nimble.framework */,
				46BD98DD1EF05937007E49C3 /* Quick.framework */,
			);
			name = Frameworks;
			sourceTree = "<group>";
		};
/* End PBXGroup section */

/* Begin PBXNativeTarget section */
		46BD98AA1EF03E30007E49C3 /* IOSStarter */ = {
			isa = PBXNativeTarget;
			buildConfigurationList = 46BD98D31EF03E30007E49C3 /* Build configuration list for PBXNativeTarget "IOSStarter" */;
			buildPhases = (
				46BD98A71EF03E30007E49C3 /* Sources */,
				46BD98A81EF03E30007E49C3 /* Frameworks */,
				46BD98A91EF03E30007E49C3 /* Resources */,
				46BD98E31EF06A2C007E49C3 /* CopyFiles */,
			);
			buildRules = (
			);
			dependencies = (
			);
			name = IOSStarter;
			productName = IOSStarter;
			productReference = 46BD98AB1EF03E30007E49C3 /* IOSStarter.app */;
			productType = "com.apple.product-type.application";
		};
		46BD98BE1EF03E30007E49C3 /* IOSStarterTests */ = {
			isa = PBXNativeTarget;
			buildConfigurationList = 46BD98D61EF03E30007E49C3 /* Build configuration list for PBXNativeTarget "IOSStarterTests" */;
			buildPhases = (
				46BD98BB1EF03E30007E49C3 /* Sources */,
				46BD98BC1EF03E30007E49C3 /* Frameworks */,
				46BD98BD1EF03E30007E49C3 /* Resources */,
				46BD98E81EF06F29007E49C3 /* CopyFiles */,
			);
			buildRules = (
			);
			dependencies = (
				46BD98C11EF03E30007E49C3 /* PBXTargetDependency */,
			);
			name = IOSStarterTests;
			productName = IOSStarterTests;
			productReference = 46BD98BF1EF03E30007E49C3 /* IOSStarterTests.xctest */;
			productType = "com.apple.product-type.bundle.unit-test";
		};
		46BD98C91EF03E30007E49C3 /* IOSStarterUITests */ = {
			isa = PBXNativeTarget;
			buildConfigurationList = 46BD98D91EF03E30007E49C3 /* Build configuration list for PBXNativeTarget "IOSStarterUITests" */;
			buildPhases = (
				46BD98C61EF03E30007E49C3 /* Sources */,
				46BD98C71EF03E30007E49C3 /* Frameworks */,
				46BD98C81EF03E30007E49C3 /* Resources */,
			);
			buildRules = (
			);
			dependencies = (
				46BD98CC1EF03E30007E49C3 /* PBXTargetDependency */,
			);
			name = IOSStarterUITests;
			productName = IOSStarterUITests;
			productReference = 46BD98CA1EF03E30007E49C3 /* IOSStarterUITests.xctest */;
			productType = "com.apple.product-type.bundle.ui-testing";
		};
/* End PBXNativeTarget section */

/* Begin PBXProject section */
		46BD98A31EF03E30007E49C3 /* Project object */ = {
			isa = PBXProject;
			attributes = {
				LastSwiftUpdateCheck = 0810;
				LastUpgradeCheck = 0810;
				ORGANIZATIONNAME = ThoughtWorks;
				TargetAttributes = {
					46BD98AA1EF03E30007E49C3 = {
						CreatedOnToolsVersion = 8.1;
						ProvisioningStyle = Automatic;
					};
					46BD98BE1EF03E30007E49C3 = {
						CreatedOnToolsVersion = 8.1;
						ProvisioningStyle = Automatic;
						TestTargetID = 46BD98AA1EF03E30007E49C3;
					};
					46BD98C91EF03E30007E49C3 = {
						CreatedOnToolsVersion = 8.1;
						ProvisioningStyle = Automatic;
						TestTargetID = 46BD98AA1EF03E30007E49C3;
					};
				};
			};
			buildConfigurationList = 46BD98A61EF03E30007E49C3 /* Build configuration list for PBXProject "IOSStarter" */;
			compatibilityVersion = "Xcode 3.2";
			developmentRegion = English;
			hasScannedForEncodings = 0;
			knownRegions = (
				en,
				Base,
			);
			mainGroup = 46BD98A21EF03E30007E49C3;
			productRefGroup = 46BD98AC1EF03E30007E49C3 /* Products */;
			projectDirPath = "";
			projectRoot = "";
			targets = (
				46BD98AA1EF03E30007E49C3 /* IOSStarter */,
				46BD98BE1EF03E30007E49C3 /* IOSStarterTests */,
				46BD98C91EF03E30007E49C3 /* IOSStarterUITests */,
			);
		};
/* End PBXProject section */

/* Begin PBXResourcesBuildPhase section */
		46BD98A91EF03E30007E49C3 /* Resources */ = {
			isa = PBXResourcesBuildPhase;
			buildActionMask = 2147483647;
			files = (
				46BD98B91EF03E30007E49C3 /* LaunchScreen.storyboard in Resources */,
				46BD98B61EF03E30007E49C3 /* Assets.xcassets in Resources */,
				46BD98B41EF03E30007E49C3 /* Main.storyboard in Resources */,
			);
			runOnlyForDeploymentPostprocessing = 0;
		};
		46BD98BD1EF03E30007E49C3 /* Resources */ = {
			isa = PBXResourcesBuildPhase;
			buildActionMask = 2147483647;
			files = (
			);
			runOnlyForDeploymentPostprocessing = 0;
		};
		46BD98C81EF03E30007E49C3 /* Resources */ = {
			isa = PBXResourcesBuildPhase;
			buildActionMask = 2147483647;
			files = (
			);
			runOnlyForDeploymentPostprocessing = 0;
		};
/* End PBXResourcesBuildPhase section */

/* Begin PBXSourcesBuildPhase section */
		46BD98A71EF03E30007E49C3 /* Sources */ = {
			isa = PBXSourcesBuildPhase;
			buildActionMask = 2147483647;
			files = (
				46BD98B11EF03E30007E49C3 /* ViewController.swift in Sources */,
				46DEDE391EF2C51E0068B947 /* YourThing.swift in Sources */,
				46BD98AF1EF03E30007E49C3 /* AppDelegate.swift in Sources */,
			);
			runOnlyForDeploymentPostprocessing = 0;
		};
		46BD98BB1EF03E30007E49C3 /* Sources */ = {
			isa = PBXSourcesBuildPhase;
			buildActionMask = 2147483647;
			files = (
				46BD98C41EF03E30007E49C3 /* IOSStarterTests.swift in Sources */,
				46DCE0831EF072D300CE78E7 /* YourSpec.swift in Sources */,
			);
			runOnlyForDeploymentPostprocessing = 0;
		};
		46BD98C61EF03E30007E49C3 /* Sources */ = {
			isa = PBXSourcesBuildPhase;
			buildActionMask = 2147483647;
			files = (
				46BD98CF1EF03E30007E49C3 /* IOSStarterUITests.swift in Sources */,
			);
			runOnlyForDeploymentPostprocessing = 0;
		};
/* End PBXSourcesBuildPhase section */

/* Begin PBXTargetDependency section */
		46BD98C11EF03E30007E49C3 /* PBXTargetDependency */ = {
			isa = PBXTargetDependency;
			target = 46BD98AA1EF03E30007E49C3 /* IOSStarter */;
			targetProxy = 46BD98C01EF03E30007E49C3 /* PBXContainerItemProxy */;
		};
		46BD98CC1EF03E30007E49C3 /* PBXTargetDependency */ = {
			isa = PBXTargetDependency;
			target = 46BD98AA1EF03E30007E49C3 /* IOSStarter */;
			targetProxy = 46BD98CB1EF03E30007E49C3 /* PBXContainerItemProxy */;
		};
/* End PBXTargetDependency section */

/* Begin PBXVariantGroup section */
		46BD98B21EF03E30007E49C3 /* Main.storyboard */ = {
			isa = PBXVariantGroup;
			children = (
				46BD98B31EF03E30007E49C3 /* Base */,
			);
			name = Main.storyboard;
			sourceTree = "<group>";
		};
		46BD98B71EF03E30007E49C3 /* LaunchScreen.storyboard */ = {
			isa = PBXVariantGroup;
			children = (
				46BD98B81EF03E30007E49C3 /* Base */,
			);
			name = LaunchScreen.storyboard;
			sourceTree = "<group>";
		};
/* End PBXVariantGroup section */

/* Begin XCBuildConfiguration section */
		46BD98D11EF03E30007E49C3 /* Debug */ = {
			isa = XCBuildConfiguration;
			buildSettings = {
				ALWAYS_SEARCH_USER_PATHS = NO;
				CLANG_ANALYZER_NONNULL = YES;
				CLANG_CXX_LANGUAGE_STANDARD = "gnu++0x";
				CLANG_CXX_LIBRARY = "libc++";
				CLANG_ENABLE_MODULES = YES;
				CLANG_ENABLE_OBJC_ARC = YES;
				CLANG_WARN_BOOL_CONVERSION = YES;
				CLANG_WARN_CONSTANT_CONVERSION = YES;
				CLANG_WARN_DIRECT_OBJC_ISA_USAGE = YES_ERROR;
				CLANG_WARN_DOCUMENTATION_COMMENTS = YES;
				CLANG_WARN_EMPTY_BODY = YES;
				CLANG_WARN_ENUM_CONVERSION = YES;
				CLANG_WARN_INFINITE_RECURSION = YES;
				CLANG_WARN_INT_CONVERSION = YES;
				CLANG_WARN_OBJC_ROOT_CLASS = YES_ERROR;
				CLANG_WARN_SUSPICIOUS_MOVES = YES;
				CLANG_WARN_UNREACHABLE_CODE = YES;
				CLANG_WARN__DUPLICATE_METHOD_MATCH = YES;
				"CODE_SIGN_IDENTITY[sdk=iphoneos*]" = "iPhone Developer";
				COPY_PHASE_STRIP = NO;
				DEBUG_INFORMATION_FORMAT = dwarf;
				ENABLE_STRICT_OBJC_MSGSEND = YES;
				ENABLE_TESTABILITY = YES;
				GCC_C_LANGUAGE_STANDARD = gnu99;
				GCC_DYNAMIC_NO_PIC = NO;
				GCC_NO_COMMON_BLOCKS = YES;
				GCC_OPTIMIZATION_LEVEL = 0;
				GCC_PREPROCESSOR_DEFINITIONS = (
					"DEBUG=1",
					"$(inherited)",
				);
				GCC_WARN_64_TO_32_BIT_CONVERSION = YES;
				GCC_WARN_ABOUT_RETURN_TYPE = YES_ERROR;
				GCC_WARN_UNDECLARED_SELECTOR = YES;
				GCC_WARN_UNINITIALIZED_AUTOS = YES_AGGRESSIVE;
				GCC_WARN_UNUSED_FUNCTION = YES;
				GCC_WARN_UNUSED_VARIABLE = YES;
				IPHONEOS_DEPLOYMENT_TARGET = 10.1;
				MTL_ENABLE_DEBUG_INFO = YES;
				ONLY_ACTIVE_ARCH = YES;
				SDKROOT = iphoneos;
				SWIFT_ACTIVE_COMPILATION_CONDITIONS = DEBUG;
				SWIFT_OPTIMIZATION_LEVEL = "-Onone";
				TARGETED_DEVICE_FAMILY = "1,2";
			};
			name = Debug;
		};
		46BD98D21EF03E30007E49C3 /* Release */ = {
			isa = XCBuildConfiguration;
			buildSettings = {
				ALWAYS_SEARCH_USER_PATHS = NO;
				CLANG_ANALYZER_NONNULL = YES;
				CLANG_CXX_LANGUAGE_STANDARD = "gnu++0x";
				CLANG_CXX_LIBRARY = "libc++";
				CLANG_ENABLE_MODULES = YES;
				CLANG_ENABLE_OBJC_ARC = YES;
				CLANG_WARN_BOOL_CONVERSION = YES;
				CLANG_WARN_CONSTANT_CONVERSION = YES;
				CLANG_WARN_DIRECT_OBJC_ISA_USAGE = YES_ERROR;
				CLANG_WARN_DOCUMENTATION_COMMENTS = YES;
				CLANG_WARN_EMPTY_BODY = YES;
				CLANG_WARN_ENUM_CONVERSION = YES;
				CLANG_WARN_INFINITE_RECURSION = YES;
				CLANG_WARN_INT_CONVERSION = YES;
				CLANG_WARN_OBJC_ROOT_CLASS = YES_ERROR;
				CLANG_WARN_SUSPICIOUS_MOVES = YES;
				CLANG_WARN_UNREACHABLE_CODE = YES;
				CLANG_WARN__DUPLICATE_METHOD_MATCH = YES;
				"CODE_SIGN_IDENTITY[sdk=iphoneos*]" = "iPhone Developer";
				COPY_PHASE_STRIP = NO;
				DEBUG_INFORMATION_FORMAT = "dwarf-with-dsym";
				ENABLE_NS_ASSERTIONS = NO;
				ENABLE_STRICT_OBJC_MSGSEND = YES;
				GCC_C_LANGUAGE_STANDARD = gnu99;
				GCC_NO_COMMON_BLOCKS = YES;
				GCC_WARN_64_TO_32_BIT_CONVERSION = YES;
				GCC_WARN_ABOUT_RETURN_TYPE = YES_ERROR;
				GCC_WARN_UNDECLARED_SELECTOR = YES;
				GCC_WARN_UNINITIALIZED_AUTOS = YES_AGGRESSIVE;
				GCC_WARN_UNUSED_FUNCTION = YES;
				GCC_WARN_UNUSED_VARIABLE = YES;
				IPHONEOS_DEPLOYMENT_TARGET = 10.1;
				MTL_ENABLE_DEBUG_INFO = NO;
				SDKROOT = iphoneos;
				SWIFT_OPTIMIZATION_LEVEL = "-Owholemodule";
				TARGETED_DEVICE_FAMILY = "1,2";
				VALIDATE_PRODUCT = YES;
			};
			name = Release;
		};
		46BD98D41EF03E30007E49C3 /* Debug */ = {
			isa = XCBuildConfiguration;
			buildSettings = {
				ASSETCATALOG_COMPILER_APPICON_NAME = AppIcon;
				FRAMEWORK_SEARCH_PATHS = (
					"$(inherited)",
					"$(PROJECT_DIR)/Carthage/Build/iOS",
				);
				INFOPLIST_FILE = IOSStarter/Info.plist;
				LD_RUNPATH_SEARCH_PATHS = "$(inherited) @executable_path/Frameworks";
				PRODUCT_BUNDLE_IDENTIFIER = thoughtworks.smitchell.IOSStarter;
				PRODUCT_NAME = "$(TARGET_NAME)";
				SWIFT_VERSION = 3.0;
			};
			name = Debug;
		};
		46BD98D51EF03E30007E49C3 /* Release */ = {
			isa = XCBuildConfiguration;
			buildSettings = {
				ASSETCATALOG_COMPILER_APPICON_NAME = AppIcon;
				FRAMEWORK_SEARCH_PATHS = (
					"$(inherited)",
					"$(PROJECT_DIR)/Carthage/Build/iOS",
				);
				INFOPLIST_FILE = IOSStarter/Info.plist;
				LD_RUNPATH_SEARCH_PATHS = "$(inherited) @executable_path/Frameworks";
				PRODUCT_BUNDLE_IDENTIFIER = thoughtworks.smitchell.IOSStarter;
				PRODUCT_NAME = "$(TARGET_NAME)";
				SWIFT_VERSION = 3.0;
			};
			name = Release;
		};
		46BD98D71EF03E30007E49C3 /* Debug */ = {
			isa = XCBuildConfiguration;
			buildSettings = {
				ALWAYS_EMBED_SWIFT_STANDARD_LIBRARIES = YES;
				BUNDLE_LOADER = "$(TEST_HOST)";
				FRAMEWORK_SEARCH_PATHS = (
					"$(inherited)",
					"$(PROJECT_DIR)/Carthage/Build/iOS",
				);
				INFOPLIST_FILE = IOSStarterTests/Info.plist;
				LD_RUNPATH_SEARCH_PATHS = "$(inherited) @executable_path/Frameworks @loader_path/Frameworks";
				PRODUCT_BUNDLE_IDENTIFIER = thoughtworks.smitchell.IOSStarterTests;
				PRODUCT_NAME = "$(TARGET_NAME)";
				SWIFT_VERSION = 3.0;
				TEST_HOST = "$(BUILT_PRODUCTS_DIR)/IOSStarter.app/IOSStarter";
			};
			name = Debug;
		};
		46BD98D81EF03E30007E49C3 /* Release */ = {
			isa = XCBuildConfiguration;
			buildSettings = {
				ALWAYS_EMBED_SWIFT_STANDARD_LIBRARIES = YES;
				BUNDLE_LOADER = "$(TEST_HOST)";
				FRAMEWORK_SEARCH_PATHS = (
					"$(inherited)",
					"$(PROJECT_DIR)/Carthage/Build/iOS",
				);
				INFOPLIST_FILE = IOSStarterTests/Info.plist;
				LD_RUNPATH_SEARCH_PATHS = "$(inherited) @executable_path/Frameworks @loader_path/Frameworks";
				PRODUCT_BUNDLE_IDENTIFIER = thoughtworks.smitchell.IOSStarterTests;
				PRODUCT_NAME = "$(TARGET_NAME)";
				SWIFT_VERSION = 3.0;
				TEST_HOST = "$(BUILT_PRODUCTS_DIR)/IOSStarter.app/IOSStarter";
			};
			name = Release;
		};
		46BD98DA1EF03E30007E49C3 /* Debug */ = {
			isa = XCBuildConfiguration;
			buildSettings = {
				ALWAYS_EMBED_SWIFT_STANDARD_LIBRARIES = YES;
				INFOPLIST_FILE = IOSStarterUITests/Info.plist;
				LD_RUNPATH_SEARCH_PATHS = "$(inherited) @executable_path/Frameworks @loader_path/Frameworks";
				PRODUCT_BUNDLE_IDENTIFIER = thoughtworks.smitchell.IOSStarterUITests;
				PRODUCT_NAME = "$(TARGET_NAME)";
				SWIFT_VERSION = 3.0;
				TEST_TARGET_NAME = IOSStarter;
			};
			name = Debug;
		};
		46BD98DB1EF03E30007E49C3 /* Release */ = {
			isa = XCBuildConfiguration;
			buildSettings = {
				ALWAYS_EMBED_SWIFT_STANDARD_LIBRARIES = YES;
				INFOPLIST_FILE = IOSStarterUITests/Info.plist;
				LD_RUNPATH_SEARCH_PATHS = "$(inherited) @executable_path/Frameworks @loader_path/Frameworks";
				PRODUCT_BUNDLE_IDENTIFIER = thoughtworks.smitchell.IOSStarterUITests;
				PRODUCT_NAME = "$(TARGET_NAME)";
				SWIFT_VERSION = 3.0;
				TEST_TARGET_NAME = IOSStarter;
			};
			name = Release;
		};
/* End XCBuildConfiguration section */

/* Begin XCConfigurationList section */
		46BD98A61EF03E30007E49C3 /* Build configuration list for PBXProject "IOSStarter" */ = {
			isa = XCConfigurationList;
			buildConfigurations = (
				46BD98D11EF03E30007E49C3 /* Debug */,
				46BD98D21EF03E30007E49C3 /* Release */,
			);
			defaultConfigurationIsVisible = 0;
			defaultConfigurationName = Release;
		};
		46BD98D31EF03E30007E49C3 /* Build configuration list for PBXNativeTarget "IOSStarter" */ = {
			isa = XCConfigurationList;
			buildConfigurations = (
				46BD98D41EF03E30007E49C3 /* Debug */,
				46BD98D51EF03E30007E49C3 /* Release */,
			);
			defaultConfigurationIsVisible = 0;
			defaultConfigurationName = Release;
		};
		46BD98D61EF03E30007E49C3 /* Build configuration list for PBXNativeTarget "IOSStarterTests" */ = {
			isa = XCConfigurationList;
			buildConfigurations = (
				46BD98D71EF03E30007E49C3 /* Debug */,
				46BD98D81EF03E30007E49C3 /* Release */,
			);
			defaultConfigurationIsVisible = 0;
			defaultConfigurationName = Release;
		};
		46BD98D91EF03E30007E49C3 /* Build configuration list for PBXNativeTarget "IOSStarterUITests" */ = {
			isa = XCConfigurationList;
			buildConfigurations = (
				46BD98DA1EF03E30007E49C3 /* Debug */,
				46BD98DB1EF03E30007E49C3 /* Release */,
			);
			defaultConfigurationIsVisible = 0;
			defaultConfigurationName = Release;
		};
/* End XCConfigurationList section */
	};
	rootObject = 46BD98A31EF03E30007E49C3 /* Project object */;
}
