// !$*UTF8*$!
{
	archiveVersion = 1;
	classes = {
	};
	objectVersion = 46;
	objects = {

/* Begin PBXBuildFile section */
		469BED321EEF251E00E42BE5 /* FacialExpression.swift in Sources */ = {isa = PBXBuildFile; fileRef = 469BED311EEF251E00E42BE5 /* FacialExpression.swift */; };
		469ECD3F1F0E8A06005F3BE8 /* EmotionsViewController.swift in Sources */ = {isa = PBXBuildFile; fileRef = 469ECD3E1F0E8A06005F3BE8 /* EmotionsViewController.swift */; };
		469ECD411F0EB407005F3BE8 /* PrimarySplitViewController.swift in Sources */ = {isa = PBXBuildFile; fileRef = 469ECD401F0EB407005F3BE8 /* PrimarySplitViewController.swift */; };
		46AF98B21EE9B967004FEAC9 /* AppDelegate.swift in Sources */ = {isa = PBXBuildFile; fileRef = 46AF98B11EE9B967004FEAC9 /* AppDelegate.swift */; };
		46AF98B41EE9B967004FEAC9 /* FaceViewController.swift in Sources */ = {isa = PBXBuildFile; fileRef = 46AF98B31EE9B967004FEAC9 /* FaceViewController.swift */; };
		46AF98B71EE9B967004FEAC9 /* Main.storyboard in Resources */ = {isa = PBXBuildFile; fileRef = 46AF98B51EE9B967004FEAC9 /* Main.storyboard */; };
		46AF98B91EE9B967004FEAC9 /* Assets.xcassets in Resources */ = {isa = PBXBuildFile; fileRef = 46AF98B81EE9B967004FEAC9 /* Assets.xcassets */; };
		46AF98BC1EE9B967004FEAC9 /* LaunchScreen.storyboard in Resources */ = {isa = PBXBuildFile; fileRef = 46AF98BA1EE9B967004FEAC9 /* LaunchScreen.storyboard */; };
		46AF98C51EE9B9FD004FEAC9 /* FaceView.swift in Sources */ = {isa = PBXBuildFile; fileRef = 46AF98C41EE9B9FD004FEAC9 /* FaceView.swift */; };
/* End PBXBuildFile section */

/* Begin PBXFileReference section */
		469BED311EEF251E00E42BE5 /* FacialExpression.swift */ = {isa = PBXFileReference; fileEncoding = 4; lastKnownFileType = sourcecode.swift; path = FacialExpression.swift; sourceTree = "<group>"; };
		469ECD3E1F0E8A06005F3BE8 /* EmotionsViewController.swift */ = {isa = PBXFileReference; fileEncoding = 4; lastKnownFileType = sourcecode.swift; path = EmotionsViewController.swift; sourceTree = "<group>"; };
		469ECD401F0EB407005F3BE8 /* PrimarySplitViewController.swift */ = {isa = PBXFileReference; fileEncoding = 4; lastKnownFileType = sourcecode.swift; path = PrimarySplitViewController.swift; sourceTree = "<group>"; };
		46AF98AE1EE9B967004FEAC9 /* FaceIt.app */ = {isa = PBXFileReference; explicitFileType = wrapper.application; includeInIndex = 0; path = FaceIt.app; sourceTree = BUILT_PRODUCTS_DIR; };
		46AF98B11EE9B967004FEAC9 /* AppDelegate.swift */ = {isa = PBXFileReference; lastKnownFileType = sourcecode.swift; path = AppDelegate.swift; sourceTree = "<group>"; };
		46AF98B31EE9B967004FEAC9 /* FaceViewController.swift */ = {isa = PBXFileReference; lastKnownFileType = sourcecode.swift; path = FaceViewController.swift; sourceTree = "<group>"; };
		46AF98B61EE9B967004FEAC9 /* Base */ = {isa = PBXFileReference; lastKnownFileType = file.storyboard; name = Base; path = Base.lproj/Main.storyboard; sourceTree = "<group>"; };
		46AF98B81EE9B967004FEAC9 /* Assets.xcassets */ = {isa = PBXFileReference; lastKnownFileType = folder.assetcatalog; path = Assets.xcassets; sourceTree = "<group>"; };
		46AF98BB1EE9B967004FEAC9 /* Base */ = {isa = PBXFileReference; lastKnownFileType = file.storyboard; name = Base; path = Base.lproj/LaunchScreen.storyboard; sourceTree = "<group>"; };
		46AF98BD1EE9B967004FEAC9 /* Info.plist */ = {isa = PBXFileReference; lastKnownFileType = text.plist.xml; path = Info.plist; sourceTree = "<group>"; };
		46AF98C41EE9B9FD004FEAC9 /* FaceView.swift */ = {isa = PBXFileReference; fileEncoding = 4; lastKnownFileType = sourcecode.swift; path = FaceView.swift; sourceTree = "<group>"; };
/* End PBXFileReference section */

/* Begin PBXFrameworksBuildPhase section */
		46AF98AB1EE9B967004FEAC9 /* Frameworks */ = {
			isa = PBXFrameworksBuildPhase;
			buildActionMask = 2147483647;
			files = (
			);
			runOnlyForDeploymentPostprocessing = 0;
		};
/* End PBXFrameworksBuildPhase section */

/* Begin PBXGroup section */
		46AF98A51EE9B967004FEAC9 = {
			isa = PBXGroup;
			children = (
				46AF98B01EE9B967004FEAC9 /* FaceIt */,
				46AF98AF1EE9B967004FEAC9 /* Products */,
			);
			sourceTree = "<group>";
		};
		46AF98AF1EE9B967004FEAC9 /* Products */ = {
			isa = PBXGroup;
			children = (
				46AF98AE1EE9B967004FEAC9 /* FaceIt.app */,
			);
			name = Products;
			sourceTree = "<group>";
		};
		46AF98B01EE9B967004FEAC9 /* FaceIt */ = {
			isa = PBXGroup;
			children = (
				46AF98C31EE9B975004FEAC9 /* Supporting Files */,
				46AF98B31EE9B967004FEAC9 /* FaceViewController.swift */,
				46AF98B51EE9B967004FEAC9 /* Main.storyboard */,
				469ECD3E1F0E8A06005F3BE8 /* EmotionsViewController.swift */,
				46AF98C41EE9B9FD004FEAC9 /* FaceView.swift */,
				469BED311EEF251E00E42BE5 /* FacialExpression.swift */,
				469ECD401F0EB407005F3BE8 /* PrimarySplitViewController.swift */,
			);
			path = FaceIt;
			sourceTree = "<group>";
		};
		46AF98C31EE9B975004FEAC9 /* Supporting Files */ = {
			isa = PBXGroup;
			children = (
				46AF98B81EE9B967004FEAC9 /* Assets.xcassets */,
				46AF98B11EE9B967004FEAC9 /* AppDelegate.swift */,
				46AF98BA1EE9B967004FEAC9 /* LaunchScreen.storyboard */,
				46AF98BD1EE9B967004FEAC9 /* Info.plist */,
			);
			name = "Supporting Files";
			sourceTree = "<group>";
		};
/* End PBXGroup section */

/* Begin PBXNativeTarget section */
		46AF98AD1EE9B967004FEAC9 /* FaceIt */ = {
			isa = PBXNativeTarget;
			buildConfigurationList = 46AF98C01EE9B967004FEAC9 /* Build configuration list for PBXNativeTarget "FaceIt" */;
			buildPhases = (
				46AF98AA1EE9B967004FEAC9 /* Sources */,
				46AF98AB1EE9B967004FEAC9 /* Frameworks */,
				46AF98AC1EE9B967004FEAC9 /* Resources */,
			);
			buildRules = (
			);
			dependencies = (
			);
			name = FaceIt;
			productName = FaceIt;
			productReference = 46AF98AE1EE9B967004FEAC9 /* FaceIt.app */;
			productType = "com.apple.product-type.application";
		};
/* End PBXNativeTarget section */

/* Begin PBXProject section */
		46AF98A61EE9B967004FEAC9 /* Project object */ = {
			isa = PBXProject;
			attributes = {
				LastSwiftUpdateCheck = 0810;
				LastUpgradeCheck = 0810;
				ORGANIZATIONNAME = ThoughtWorks;
				TargetAttributes = {
					46AF98AD1EE9B967004FEAC9 = {
						CreatedOnToolsVersion = 8.1;
						ProvisioningStyle = Automatic;
					};
				};
			};
			buildConfigurationList = 46AF98A91EE9B967004FEAC9 /* Build configuration list for PBXProject "FaceIt" */;
			compatibilityVersion = "Xcode 3.2";
			developmentRegion = English;
			hasScannedForEncodings = 0;
			knownRegions = (
				en,
				Base,
			);
			mainGroup = 46AF98A51EE9B967004FEAC9;
			productRefGroup = 46AF98AF1EE9B967004FEAC9 /* Products */;
			projectDirPath = "";
			projectRoot = "";
			targets = (
				46AF98AD1EE9B967004FEAC9 /* FaceIt */,
			);
		};
/* End PBXProject section */

/* Begin PBXResourcesBuildPhase section */
		46AF98AC1EE9B967004FEAC9 /* Resources */ = {
			isa = PBXResourcesBuildPhase;
			buildActionMask = 2147483647;
			files = (
				46AF98BC1EE9B967004FEAC9 /* LaunchScreen.storyboard in Resources */,
				46AF98B91EE9B967004FEAC9 /* Assets.xcassets in Resources */,
				46AF98B71EE9B967004FEAC9 /* Main.storyboard in Resources */,
			);
			runOnlyForDeploymentPostprocessing = 0;
		};
/* End PBXResourcesBuildPhase section */

/* Begin PBXSourcesBuildPhase section */
		46AF98AA1EE9B967004FEAC9 /* Sources */ = {
			isa = PBXSourcesBuildPhase;
			buildActionMask = 2147483647;
			files = (
				469ECD411F0EB407005F3BE8 /* PrimarySplitViewController.swift in Sources */,
				46AF98B41EE9B967004FEAC9 /* FaceViewController.swift in Sources */,
				469BED321EEF251E00E42BE5 /* FacialExpression.swift in Sources */,
				469ECD3F1F0E8A06005F3BE8 /* EmotionsViewController.swift in Sources */,
				46AF98B21EE9B967004FEAC9 /* AppDelegate.swift in Sources */,
				46AF98C51EE9B9FD004FEAC9 /* FaceView.swift in Sources */,
			);
			runOnlyForDeploymentPostprocessing = 0;
		};
/* End PBXSourcesBuildPhase section */

/* Begin PBXVariantGroup section */
		46AF98B51EE9B967004FEAC9 /* Main.storyboard */ = {
			isa = PBXVariantGroup;
			children = (
				46AF98B61EE9B967004FEAC9 /* Base */,
			);
			name = Main.storyboard;
			sourceTree = "<group>";
		};
		46AF98BA1EE9B967004FEAC9 /* LaunchScreen.storyboard */ = {
			isa = PBXVariantGroup;
			children = (
				46AF98BB1EE9B967004FEAC9 /* Base */,
			);
			name = LaunchScreen.storyboard;
			sourceTree = "<group>";
		};
/* End PBXVariantGroup section */

/* Begin XCBuildConfiguration section */
		46AF98BE1EE9B967004FEAC9 /* Debug */ = {
			isa = XCBuildConfiguration;
			buildSettings = {
				ALWAYS_SEARCH_USER_PATHS = NO;
				CLANG_ANALYZER_NONNULL = YES;
				CLANG_CXX_LANGUAGE_STANDARD = "gnu++0x";
				CLANG_CXX_LIBRARY = "libc++";
				CLANG_ENABLE_MODULES = YES;
				CLANG_ENABLE_OBJC_ARC = YES;
				CLANG_WARN_BOOL_CONVERSION = YES;
				CLANG_WARN_CONSTANT_CONVERSION = YES;
				CLANG_WARN_DIRECT_OBJC_ISA_USAGE = YES_ERROR;
				CLANG_WARN_DOCUMENTATION_COMMENTS = YES;
				CLANG_WARN_EMPTY_BODY = YES;
				CLANG_WARN_ENUM_CONVERSION = YES;
				CLANG_WARN_INFINITE_RECURSION = YES;
				CLANG_WARN_INT_CONVERSION = YES;
				CLANG_WARN_OBJC_ROOT_CLASS = YES_ERROR;
				CLANG_WARN_SUSPICIOUS_MOVES = YES;
				CLANG_WARN_UNREACHABLE_CODE = YES;
				CLANG_WARN__DUPLICATE_METHOD_MATCH = YES;
				"CODE_SIGN_IDENTITY[sdk=iphoneos*]" = "iPhone Developer";
				COPY_PHASE_STRIP = NO;
				DEBUG_INFORMATION_FORMAT = dwarf;
				ENABLE_STRICT_OBJC_MSGSEND = YES;
				ENABLE_TESTABILITY = YES;
				GCC_C_LANGUAGE_STANDARD = gnu99;
				GCC_DYNAMIC_NO_PIC = NO;
				GCC_NO_COMMON_BLOCKS = YES;
				GCC_OPTIMIZATION_LEVEL = 0;
				GCC_PREPROCESSOR_DEFINITIONS = (
					"DEBUG=1",
					"$(inherited)",
				);
				GCC_WARN_64_TO_32_BIT_CONVERSION = YES;
				GCC_WARN_ABOUT_RETURN_TYPE = YES_ERROR;
				GCC_WARN_UNDECLARED_SELECTOR = YES;
				GCC_WARN_UNINITIALIZED_AUTOS = YES_AGGRESSIVE;
				GCC_WARN_UNUSED_FUNCTION = YES;
				GCC_WARN_UNUSED_VARIABLE = YES;
				IPHONEOS_DEPLOYMENT_TARGET = 10.1;
				MTL_ENABLE_DEBUG_INFO = YES;
				ONLY_ACTIVE_ARCH = YES;
				SDKROOT = iphoneos;
				SWIFT_ACTIVE_COMPILATION_CONDITIONS = DEBUG;
				SWIFT_OPTIMIZATION_LEVEL = "-Onone";
				TARGETED_DEVICE_FAMILY = "1,2";
			};
			name = Debug;
		};
		46AF98BF1EE9B967004FEAC9 /* Release */ = {
			isa = XCBuildConfiguration;
			buildSettings = {
				ALWAYS_SEARCH_USER_PATHS = NO;
				CLANG_ANALYZER_NONNULL = YES;
				CLANG_CXX_LANGUAGE_STANDARD = "gnu++0x";
				CLANG_CXX_LIBRARY = "libc++";
				CLANG_ENABLE_MODULES = YES;
				CLANG_ENABLE_OBJC_ARC = YES;
				CLANG_WARN_BOOL_CONVERSION = YES;
				CLANG_WARN_CONSTANT_CONVERSION = YES;
				CLANG_WARN_DIRECT_OBJC_ISA_USAGE = YES_ERROR;
				CLANG_WARN_DOCUMENTATION_COMMENTS = YES;
				CLANG_WARN_EMPTY_BODY = YES;
				CLANG_WARN_ENUM_CONVERSION = YES;
				CLANG_WARN_INFINITE_RECURSION = YES;
				CLANG_WARN_INT_CONVERSION = YES;
				CLANG_WARN_OBJC_ROOT_CLASS = YES_ERROR;
				CLANG_WARN_SUSPICIOUS_MOVES = YES;
				CLANG_WARN_UNREACHABLE_CODE = YES;
				CLANG_WARN__DUPLICATE_METHOD_MATCH = YES;
				"CODE_SIGN_IDENTITY[sdk=iphoneos*]" = "iPhone Developer";
				COPY_PHASE_STRIP = NO;
				DEBUG_INFORMATION_FORMAT = "dwarf-with-dsym";
				ENABLE_NS_ASSERTIONS = NO;
				ENABLE_STRICT_OBJC_MSGSEND = YES;
				GCC_C_LANGUAGE_STANDARD = gnu99;
				GCC_NO_COMMON_BLOCKS = YES;
				GCC_WARN_64_TO_32_BIT_CONVERSION = YES;
				GCC_WARN_ABOUT_RETURN_TYPE = YES_ERROR;
				GCC_WARN_UNDECLARED_SELECTOR = YES;
				GCC_WARN_UNINITIALIZED_AUTOS = YES_AGGRESSIVE;
				GCC_WARN_UNUSED_FUNCTION = YES;
				GCC_WARN_UNUSED_VARIABLE = YES;
				IPHONEOS_DEPLOYMENT_TARGET = 10.1;
				MTL_ENABLE_DEBUG_INFO = NO;
				SDKROOT = iphoneos;
				SWIFT_OPTIMIZATION_LEVEL = "-Owholemodule";
				TARGETED_DEVICE_FAMILY = "1,2";
				VALIDATE_PRODUCT = YES;
			};
			name = Release;
		};
		46AF98C11EE9B967004FEAC9 /* Debug */ = {
			isa = XCBuildConfiguration;
			buildSettings = {
				ASSETCATALOG_COMPILER_APPICON_NAME = AppIcon;
				INFOPLIST_FILE = FaceIt/Info.plist;
				LD_RUNPATH_SEARCH_PATHS = "$(inherited) @executable_path/Frameworks";
				PRODUCT_BUNDLE_IDENTIFIER = thoughtworks.smitchell.FaceIt;
				PRODUCT_NAME = "$(TARGET_NAME)";
				SWIFT_VERSION = 3.0;
			};
			name = Debug;
		};
		46AF98C21EE9B967004FEAC9 /* Release */ = {
			isa = XCBuildConfiguration;
			buildSettings = {
				ASSETCATALOG_COMPILER_APPICON_NAME = AppIcon;
				INFOPLIST_FILE = FaceIt/Info.plist;
				LD_RUNPATH_SEARCH_PATHS = "$(inherited) @executable_path/Frameworks";
				PRODUCT_BUNDLE_IDENTIFIER = thoughtworks.smitchell.FaceIt;
				PRODUCT_NAME = "$(TARGET_NAME)";
				SWIFT_VERSION = 3.0;
			};
			name = Release;
		};
/* End XCBuildConfiguration section */

/* Begin XCConfigurationList section */
		46AF98A91EE9B967004FEAC9 /* Build configuration list for PBXProject "FaceIt" */ = {
			isa = XCConfigurationList;
			buildConfigurations = (
				46AF98BE1EE9B967004FEAC9 /* Debug */,
				46AF98BF1EE9B967004FEAC9 /* Release */,
			);
			defaultConfigurationIsVisible = 0;
			defaultConfigurationName = Release;
		};
		46AF98C01EE9B967004FEAC9 /* Build configuration list for PBXNativeTarget "FaceIt" */ = {
			isa = XCConfigurationList;
			buildConfigurations = (
				46AF98C11EE9B967004FEAC9 /* Debug */,
				46AF98C21EE9B967004FEAC9 /* Release */,
			);
			defaultConfigurationIsVisible = 0;
			defaultConfigurationName = Release;
		};
/* End XCConfigurationList section */
	};
	rootObject = 46AF98A61EE9B967004FEAC9 /* Project object */;
}
